
Microsoft Visual Studio Solution File, Format Version 12.00
# Visual Studio Version 16
VisualStudioVersion = 16.0.31005.135
MinimumVisualStudioVersion = 10.0.40219.1
Project("{FAE04EC0-301F-11D3-BF4B-00C04F79EFBC}") = "BillingSystem", "BillingSystem\BillingSystem.csproj", "{FA5BCDC7-2492-4236-9740-45EB5989DEA0}"
EndProject
Global
	GlobalSection(SolutionConfigurationPlatforms) = preSolution
		Debug|Any CPU = Debug|Any CPU
		Release|Any CPU = Release|Any CPU
	EndGlobalSection
	GlobalSection(ProjectConfigurationPlatforms) = postSolution
		{FA5BCDC7-2492-4236-9740-45EB5989DEA0}.Debug|Any CPU.ActiveCfg = Debug|Any CPU
		{FA5BCDC7-2492-4236-9740-45EB5989DEA0}.Debug|Any CPU.Build.0 = Debug|Any CPU
		{FA5BCDC7-2492-4236-9740-45EB5989DEA0}.Release|Any CPU.ActiveCfg = Release|Any CPU
		{FA5BCDC7-2492-4236-9740-45EB5989DEA0}.Release|Any CPU.Build.0 = Release|Any CPU
	EndGlobalSection
	GlobalSection(SolutionProperties) = preSolution
		HideSolutionNode = FALSE
	EndGlobalSection
	GlobalSection(ExtensibilityGlobals) = postSolution
		SolutionGuid = {CAAD0EFE-DEDE-4CCE-885C-AC6C982C19C9}
	EndGlobalSection
EndGlobal
